
Microsoft Visual Studio Solution File, Format Version 12.00
# Visual Studio Version 16
VisualStudioVersion = 16.0.29806.167
MinimumVisualStudioVersion = 10.0.40219.1
Project("{FAE04EC0-301F-11D3-BF4B-00C04F79EFBC}") = "NginxServerFarms", "NginxServerFarms\NginxServerFarms.csproj", "{934E3767-98F4-4C4A-B215-F7AE9815A79E}"
EndProject
Global
	GlobalSection(SolutionConfigurationPlatforms) = preSolution
		Debug|Any CPU = Debug|Any CPU
		Release|Any CPU = Release|Any CPU
	EndGlobalSection
	GlobalSection(ProjectConfigurationPlatforms) = postSolution
		{934E3767-98F4-4C4A-B215-F7AE9815A79E}.Debug|Any CPU.ActiveCfg = Debug|Any CPU
		{934E3767-98F4-4C4A-B215-F7AE9815A79E}.Debug|Any CPU.Build.0 = Debug|Any CPU
		{934E3767-98F4-4C4A-B215-F7AE9815A79E}.Release|Any CPU.ActiveCfg = Release|Any CPU
		{934E3767-98F4-4C4A-B215-F7AE9815A79E}.Release|Any CPU.Build.0 = Release|Any CPU
	EndGlobalSection
	GlobalSection(SolutionProperties) = preSolution
		HideSolutionNode = FALSE
	EndGlobalSection
	GlobalSection(ExtensibilityGlobals) = postSolution
		SolutionGuid = {EFF8E63C-FA66-4B65-89CD-D935A9DA43C3}
	EndGlobalSection
EndGlobal
